dependencies:
- name: core-platform-distribution
  repository: oci://ghcr.io/eclipse-cfm/charts
  version: 0.0.29
- name: catenax-profile
  repository: oci://ghcr.io/metaform/charts
  version: 0.0.11
- name: cx-onboarding-api
  repository: file://../cx-onboarding-api
  version: 0.1.0
- name: dx-onboarding-api
  repository: file://../dx-onboarding-api
  version: 0.1.0
- name: membership-hub
  repository: file://../membership-hub
  version: 0.1.0
- name: verification-ui
  repository: file://../verification-ui
  version: 0.1.0
- name: certo
  repository: oci://ghcr.io/metaform/charts
  version: 0.0.6
digest: sha256:fa538c1bd826198ad8d66586cdf1a7446a708ba5570c19fd776f8ab6b59ae05b
generated: "2026-10-01T15:10:45.777208+02:00"
