dependencies:
- name: core-platform-distribution
  repository: oci://ghcr.io/eclipse-cfm/charts
  version: 0.0.17
- name: catenax-profile
  repository: oci://ghcr.io/metaform/charts
  version: 0.0.9
- name: onboarding-api
  repository: file://../onboarding-api
  version: 0.1.0
- name: certo
  repository: oci://ghcr.io/metaform/charts
  version: 0.0.2
digest: sha256:5a5ca30e51e31917cc3c294834382a8a8af7e2b752b3ddd1d902706c4a970d56
generated: "2026-08-04T11:43:30.529779+02:00"
